
Microsoft Visual Studio Solution File, Format Version 12.00
# Visual Studio Version 17
VisualStudioVersion = 17.5.33414.496
MinimumVisualStudioVersion = 10.0.40219.1
Project("{FAE04EC0-301F-11D3-BF4B-00C04F79EFBC}") = "CalculaAlcool", "CalculaAlcool\CalculaAlcool.csproj", "{037C8F92-E64F-4EF0-A0F6-857CF89FA7B5}"
EndProject
Global
	GlobalSection(SolutionConfigurationPlatforms) = preSolution
		Debug|Any CPU = Debug|Any CPU
		Release|Any CPU = Release|Any CPU
	EndGlobalSection
	GlobalSection(ProjectConfigurationPlatforms) = postSolution
		{037C8F92-E64F-4EF0-A0F6-857CF89FA7B5}.Debug|Any CPU.ActiveCfg = Debug|Any CPU
		{037C8F92-E64F-4EF0-A0F6-857CF89FA7B5}.Debug|Any CPU.Build.0 = Debug|Any CPU
		{037C8F92-E64F-4EF0-A0F6-857CF89FA7B5}.Release|Any CPU.ActiveCfg = Release|Any CPU
		{037C8F92-E64F-4EF0-A0F6-857CF89FA7B5}.Release|Any CPU.Build.0 = Release|Any CPU
	EndGlobalSection
	GlobalSection(SolutionProperties) = preSolution
		HideSolutionNode = FALSE
	EndGlobalSection
	GlobalSection(ExtensibilityGlobals) = postSolution
		SolutionGuid = {1F65307A-5C73-4FC1-B61B-CE6F4A58FB6A}
	EndGlobalSection
EndGlobal
